
Microsoft Visual Studio Solution File, Format Version 12.00
# Visual Studio 15
VisualStudioVersion = 15.0.28307.1500
MinimumVisualStudioVersion = 10.0.40219.1
Project("{FAE04EC0-301F-11D3-BF4B-00C04F79EFBC}") = "S1PT", "S1PT\S1PT.csproj", "{F791E27A-8A65-4240-BD53-62F190581A1B}"
EndProject
Global
	GlobalSection(SolutionConfigurationPlatforms) = preSolution
		Debug|Any CPU = Debug|Any CPU
		Release|Any CPU = Release|Any CPU
	EndGlobalSection
	GlobalSection(ProjectConfigurationPlatforms) = postSolution
		{F791E27A-8A65-4240-BD53-62F190581A1B}.Debug|Any CPU.ActiveCfg = Debug|Any CPU
		{F791E27A-8A65-4240-BD53-62F190581A1B}.Debug|Any CPU.Build.0 = Debug|Any CPU
		{F791E27A-8A65-4240-BD53-62F190581A1B}.Release|Any CPU.ActiveCfg = Release|Any CPU
		{F791E27A-8A65-4240-BD53-62F190581A1B}.Release|Any CPU.Build.0 = Release|Any CPU
	EndGlobalSection
	GlobalSection(SolutionProperties) = preSolution
		HideSolutionNode = FALSE
	EndGlobalSection
	GlobalSection(ExtensibilityGlobals) = postSolution
		SolutionGuid = {AF28584B-68E5-4892-B7BE-3F67FEABD8A0}
	EndGlobalSection
EndGlobal
